
Microsoft Visual Studio Solution File, Format Version 12.00
# Visual Studio Version 17
VisualStudioVersion = 17.12.35527.113 d17.12
MinimumVisualStudioVersion = 10.0.40219.1
Project("{8BC9CEB8-8B4A-11D0-8D11-00A0C91BC942}") = "game_dx", "game_dx.vcxproj", "{FBD4AF5F-64F6-45F9-9358-CBE6462C6FEC}"
EndProject
Global
	GlobalSection(SolutionConfigurationPlatforms) = preSolution
		Debug|x64 = Debug|x64
		Debug|x86 = Debug|x86
		Release|x64 = Release|x64
		Release|x86 = Release|x86
	EndGlobalSection
	GlobalSection(ProjectConfigurationPlatforms) = postSolution
		{FBD4AF5F-64F6-45F9-9358-CBE6462C6FEC}.Debug|x64.ActiveCfg = Debug|x64
		{FBD4AF5F-64F6-45F9-9358-CBE6462C6FEC}.Debug|x64.Build.0 = Debug|x64
		{FBD4AF5F-64F6-45F9-9358-CBE6462C6FEC}.Debug|x86.ActiveCfg = Debug|Win32
		{FBD4AF5F-64F6-45F9-9358-CBE6462C6FEC}.Debug|x86.Build.0 = Debug|Win32
		{FBD4AF5F-64F6-45F9-9358-CBE6462C6FEC}.Release|x64.ActiveCfg = Release|x64
		{FBD4AF5F-64F6-45F9-9358-CBE6462C6FEC}.Release|x64.Build.0 = Release|x64
		{FBD4AF5F-64F6-45F9-9358-CBE6462C6FEC}.Release|x86.ActiveCfg = Release|Win32
		{FBD4AF5F-64F6-45F9-9358-CBE6462C6FEC}.Release|x86.Build.0 = Release|Win32
	EndGlobalSection
	GlobalSection(SolutionProperties) = preSolution
		HideSolutionNode = FALSE
	EndGlobalSection
EndGlobal
